
Microsoft Visual Studio Solution File, Format Version 12.00
# Visual Studio 15
VisualStudioVersion = 15.0.28307.960
MinimumVisualStudioVersion = 10.0.40219.1
Project("{FAE04EC0-301F-11D3-BF4B-00C04F79EFBC}") = "Entidades", "Entidades\Entidades.csproj", "{1C42F49F-D671-4CEA-8526-BB6792E79AAB}"
EndProject
Project("{FAE04EC0-301F-11D3-BF4B-00C04F79EFBC}") = "ConsoleApp1", "ConsoleApp1\ConsoleApp1.csproj", "{4331DB17-B1A2-4174-9C6B-EFA86743B1E2}"
EndProject
Global
	GlobalSection(SolutionConfigurationPlatforms) = preSolution
		Debug|Any CPU = Debug|Any CPU
		Release|Any CPU = Release|Any CPU
	EndGlobalSection
	GlobalSection(ProjectConfigurationPlatforms) = postSolution
		{1C42F49F-D671-4CEA-8526-BB6792E79AAB}.Debug|Any CPU.ActiveCfg = Debug|Any CPU
		{1C42F49F-D671-4CEA-8526-BB6792E79AAB}.Debug|Any CPU.Build.0 = Debug|Any CPU
		{1C42F49F-D671-4CEA-8526-BB6792E79AAB}.Release|Any CPU.ActiveCfg = Release|Any CPU
		{1C42F49F-D671-4CEA-8526-BB6792E79AAB}.Release|Any CPU.Build.0 = Release|Any CPU
		{4331DB17-B1A2-4174-9C6B-EFA86743B1E2}.Debug|Any CPU.ActiveCfg = Debug|Any CPU
		{4331DB17-B1A2-4174-9C6B-EFA86743B1E2}.Debug|Any CPU.Build.0 = Debug|Any CPU
		{4331DB17-B1A2-4174-9C6B-EFA86743B1E2}.Release|Any CPU.ActiveCfg = Release|Any CPU
		{4331DB17-B1A2-4174-9C6B-EFA86743B1E2}.Release|Any CPU.Build.0 = Release|Any CPU
	EndGlobalSection
	GlobalSection(SolutionProperties) = preSolution
		HideSolutionNode = FALSE
	EndGlobalSection
	GlobalSection(ExtensibilityGlobals) = postSolution
		SolutionGuid = {320B54E9-609A-455B-BD28-B199B1A88016}
	EndGlobalSection
EndGlobal
