
Microsoft Visual Studio Solution File, Format Version 12.00
# Visual Studio 15
VisualStudioVersion = 15.0.28307.960
MinimumVisualStudioVersion = 10.0.40219.1
Project("{FAE04EC0-301F-11D3-BF4B-00C04F79EFBC}") = "Ejercicio046", "Ejercicio036\Ejercicio046.csproj", "{343E2B24-B193-4CCF-8C3E-D5A4DEA24756}"
EndProject
Project("{FAE04EC0-301F-11D3-BF4B-00C04F79EFBC}") = "Biblioteca", "Biblioteca\Biblioteca.csproj", "{2620DF83-BFD7-45FB-8F24-073A7EB6380E}"
EndProject
Project("{FAE04EC0-301F-11D3-BF4B-00C04F79EFBC}") = "UnitTestCompetencia", "UnitTestCompetencia\UnitTestCompetencia.csproj", "{A93F23A5-AFF0-4F99-9C84-1D8FE9789B6B}"
EndProject
Global
	GlobalSection(SolutionConfigurationPlatforms) = preSolution
		Debug|Any CPU = Debug|Any CPU
		Release|Any CPU = Release|Any CPU
	EndGlobalSection
	GlobalSection(ProjectConfigurationPlatforms) = postSolution
		{343E2B24-B193-4CCF-8C3E-D5A4DEA24756}.Debug|Any CPU.ActiveCfg = Debug|Any CPU
		{343E2B24-B193-4CCF-8C3E-D5A4DEA24756}.Debug|Any CPU.Build.0 = Debug|Any CPU
		{343E2B24-B193-4CCF-8C3E-D5A4DEA24756}.Release|Any CPU.ActiveCfg = Release|Any CPU
		{343E2B24-B193-4CCF-8C3E-D5A4DEA24756}.Release|Any CPU.Build.0 = Release|Any CPU
		{2620DF83-BFD7-45FB-8F24-073A7EB6380E}.Debug|Any CPU.ActiveCfg = Debug|Any CPU
		{2620DF83-BFD7-45FB-8F24-073A7EB6380E}.Debug|Any CPU.Build.0 = Debug|Any CPU
		{2620DF83-BFD7-45FB-8F24-073A7EB6380E}.Release|Any CPU.ActiveCfg = Release|Any CPU
		{2620DF83-BFD7-45FB-8F24-073A7EB6380E}.Release|Any CPU.Build.0 = Release|Any CPU
		{A93F23A5-AFF0-4F99-9C84-1D8FE9789B6B}.Debug|Any CPU.ActiveCfg = Debug|Any CPU
		{A93F23A5-AFF0-4F99-9C84-1D8FE9789B6B}.Debug|Any CPU.Build.0 = Debug|Any CPU
		{A93F23A5-AFF0-4F99-9C84-1D8FE9789B6B}.Release|Any CPU.ActiveCfg = Release|Any CPU
		{A93F23A5-AFF0-4F99-9C84-1D8FE9789B6B}.Release|Any CPU.Build.0 = Release|Any CPU
	EndGlobalSection
	GlobalSection(SolutionProperties) = preSolution
		HideSolutionNode = FALSE
	EndGlobalSection
	GlobalSection(ExtensibilityGlobals) = postSolution
		SolutionGuid = {6AD370A4-82BB-4BCB-B767-836390D13B41}
	EndGlobalSection
EndGlobal
