
Microsoft Visual Studio Solution File, Format Version 12.00
# Visual Studio 15
VisualStudioVersion = 15.0.28307.960
MinimumVisualStudioVersion = 10.0.40219.1
Project("{FAE04EC0-301F-11D3-BF4B-00C04F79EFBC}") = "ComiqueriaApp", "ComiqueriaApp\ComiqueriaApp.csproj", "{EE473F46-6A42-4285-ACE9-D77CED9F0B95}"
EndProject
Project("{FAE04EC0-301F-11D3-BF4B-00C04F79EFBC}") = "ComiqueriaLogic", "ComiqueriaLogic\ComiqueriaLogic.csproj", "{80214843-BA78-4707-A9BF-EAE634ED44FE}"
EndProject
Project("{FAE04EC0-301F-11D3-BF4B-00C04F79EFBC}") = "ConsoleApp1", "ConsoleApp1\ConsoleApp1.csproj", "{6753DB3F-F0EE-4211-B315-512EC79B22C0}"
EndProject
Global
	GlobalSection(SolutionConfigurationPlatforms) = preSolution
		Debug|Any CPU = Debug|Any CPU
		Release|Any CPU = Release|Any CPU
	EndGlobalSection
	GlobalSection(ProjectConfigurationPlatforms) = postSolution
		{EE473F46-6A42-4285-ACE9-D77CED9F0B95}.Debug|Any CPU.ActiveCfg = Debug|Any CPU
		{EE473F46-6A42-4285-ACE9-D77CED9F0B95}.Debug|Any CPU.Build.0 = Debug|Any CPU
		{EE473F46-6A42-4285-ACE9-D77CED9F0B95}.Release|Any CPU.ActiveCfg = Release|Any CPU
		{EE473F46-6A42-4285-ACE9-D77CED9F0B95}.Release|Any CPU.Build.0 = Release|Any CPU
		{80214843-BA78-4707-A9BF-EAE634ED44FE}.Debug|Any CPU.ActiveCfg = Debug|Any CPU
		{80214843-BA78-4707-A9BF-EAE634ED44FE}.Debug|Any CPU.Build.0 = Debug|Any CPU
		{80214843-BA78-4707-A9BF-EAE634ED44FE}.Release|Any CPU.ActiveCfg = Release|Any CPU
		{80214843-BA78-4707-A9BF-EAE634ED44FE}.Release|Any CPU.Build.0 = Release|Any CPU
		{6753DB3F-F0EE-4211-B315-512EC79B22C0}.Debug|Any CPU.ActiveCfg = Debug|Any CPU
		{6753DB3F-F0EE-4211-B315-512EC79B22C0}.Debug|Any CPU.Build.0 = Debug|Any CPU
		{6753DB3F-F0EE-4211-B315-512EC79B22C0}.Release|Any CPU.ActiveCfg = Release|Any CPU
		{6753DB3F-F0EE-4211-B315-512EC79B22C0}.Release|Any CPU.Build.0 = Release|Any CPU
	EndGlobalSection
	GlobalSection(SolutionProperties) = preSolution
		HideSolutionNode = FALSE
	EndGlobalSection
	GlobalSection(ExtensibilityGlobals) = postSolution
		SolutionGuid = {B8B707CF-EF5F-42BD-A0E4-1629CF5CE7A5}
	EndGlobalSection
EndGlobal
