
Microsoft Visual Studio Solution File, Format Version 12.00
# Visual Studio 15
VisualStudioVersion = 15.0.28307.960
MinimumVisualStudioVersion = 10.0.40219.1
Project("{FAE04EC0-301F-11D3-BF4B-00C04F79EFBC}") = "Ejercicio044", "Ejercicio040\Ejercicio044.csproj", "{D3708BB1-2ED8-4DDB-87D1-6E82F7ADCC53}"
EndProject
Project("{FAE04EC0-301F-11D3-BF4B-00C04F79EFBC}") = "CentralitaHerencia", "CentralitaHerencia\CentralitaHerencia.csproj", "{7D577F79-0C0A-4722-A3AE-F4A87B8D1200}"
EndProject
Project("{FAE04EC0-301F-11D3-BF4B-00C04F79EFBC}") = "Principal", "Principal\Principal.csproj", "{43D6DAA1-EA97-4224-AE40-AAF8690C2B2F}"
EndProject
Project("{FAE04EC0-301F-11D3-BF4B-00C04F79EFBC}") = "UnitTestCentralita", "UnitTestCentralita\UnitTestCentralita.csproj", "{2C40B33E-2D9C-49BE-B2AB-FC371315D5E5}"
EndProject
Global
	GlobalSection(SolutionConfigurationPlatforms) = preSolution
		Debug|Any CPU = Debug|Any CPU
		Release|Any CPU = Release|Any CPU
	EndGlobalSection
	GlobalSection(ProjectConfigurationPlatforms) = postSolution
		{D3708BB1-2ED8-4DDB-87D1-6E82F7ADCC53}.Debug|Any CPU.ActiveCfg = Debug|Any CPU
		{D3708BB1-2ED8-4DDB-87D1-6E82F7ADCC53}.Debug|Any CPU.Build.0 = Debug|Any CPU
		{D3708BB1-2ED8-4DDB-87D1-6E82F7ADCC53}.Release|Any CPU.ActiveCfg = Release|Any CPU
		{D3708BB1-2ED8-4DDB-87D1-6E82F7ADCC53}.Release|Any CPU.Build.0 = Release|Any CPU
		{7D577F79-0C0A-4722-A3AE-F4A87B8D1200}.Debug|Any CPU.ActiveCfg = Debug|Any CPU
		{7D577F79-0C0A-4722-A3AE-F4A87B8D1200}.Debug|Any CPU.Build.0 = Debug|Any CPU
		{7D577F79-0C0A-4722-A3AE-F4A87B8D1200}.Release|Any CPU.ActiveCfg = Release|Any CPU
		{7D577F79-0C0A-4722-A3AE-F4A87B8D1200}.Release|Any CPU.Build.0 = Release|Any CPU
		{43D6DAA1-EA97-4224-AE40-AAF8690C2B2F}.Debug|Any CPU.ActiveCfg = Debug|Any CPU
		{43D6DAA1-EA97-4224-AE40-AAF8690C2B2F}.Debug|Any CPU.Build.0 = Debug|Any CPU
		{43D6DAA1-EA97-4224-AE40-AAF8690C2B2F}.Release|Any CPU.ActiveCfg = Release|Any CPU
		{43D6DAA1-EA97-4224-AE40-AAF8690C2B2F}.Release|Any CPU.Build.0 = Release|Any CPU
		{2C40B33E-2D9C-49BE-B2AB-FC371315D5E5}.Debug|Any CPU.ActiveCfg = Debug|Any CPU
		{2C40B33E-2D9C-49BE-B2AB-FC371315D5E5}.Debug|Any CPU.Build.0 = Debug|Any CPU
		{2C40B33E-2D9C-49BE-B2AB-FC371315D5E5}.Release|Any CPU.ActiveCfg = Release|Any CPU
		{2C40B33E-2D9C-49BE-B2AB-FC371315D5E5}.Release|Any CPU.Build.0 = Release|Any CPU
	EndGlobalSection
	GlobalSection(SolutionProperties) = preSolution
		HideSolutionNode = FALSE
	EndGlobalSection
	GlobalSection(ExtensibilityGlobals) = postSolution
		SolutionGuid = {2ED40A10-3507-4B70-8A1F-C06A51AE04C7}
	EndGlobalSection
EndGlobal
