
Microsoft Visual Studio Solution File, Format Version 12.00
# Visual Studio 15
VisualStudioVersion = 15.0.28307.960
MinimumVisualStudioVersion = 10.0.40219.1
Project("{FAE04EC0-301F-11D3-BF4B-00C04F79EFBC}") = "Ejercicio032", "Ejercicio032\Ejercicio032.csproj", "{13AAD068-8583-4FE4-B573-8A15776FBF0B}"
EndProject
Project("{FAE04EC0-301F-11D3-BF4B-00C04F79EFBC}") = "Biblioteca", "Biblioteca\Biblioteca.csproj", "{22BC97E3-5BB4-4B5B-A053-F0BE873F11FC}"
EndProject
Global
	GlobalSection(SolutionConfigurationPlatforms) = preSolution
		Debug|Any CPU = Debug|Any CPU
		Release|Any CPU = Release|Any CPU
	EndGlobalSection
	GlobalSection(ProjectConfigurationPlatforms) = postSolution
		{13AAD068-8583-4FE4-B573-8A15776FBF0B}.Debug|Any CPU.ActiveCfg = Debug|Any CPU
		{13AAD068-8583-4FE4-B573-8A15776FBF0B}.Debug|Any CPU.Build.0 = Debug|Any CPU
		{13AAD068-8583-4FE4-B573-8A15776FBF0B}.Release|Any CPU.ActiveCfg = Release|Any CPU
		{13AAD068-8583-4FE4-B573-8A15776FBF0B}.Release|Any CPU.Build.0 = Release|Any CPU
		{22BC97E3-5BB4-4B5B-A053-F0BE873F11FC}.Debug|Any CPU.ActiveCfg = Debug|Any CPU
		{22BC97E3-5BB4-4B5B-A053-F0BE873F11FC}.Debug|Any CPU.Build.0 = Debug|Any CPU
		{22BC97E3-5BB4-4B5B-A053-F0BE873F11FC}.Release|Any CPU.ActiveCfg = Release|Any CPU
		{22BC97E3-5BB4-4B5B-A053-F0BE873F11FC}.Release|Any CPU.Build.0 = Release|Any CPU
	EndGlobalSection
	GlobalSection(SolutionProperties) = preSolution
		HideSolutionNode = FALSE
	EndGlobalSection
	GlobalSection(ExtensibilityGlobals) = postSolution
		SolutionGuid = {D4D0995D-A2C8-40DE-98C1-1D162368AD07}
	EndGlobalSection
EndGlobal
