
Microsoft Visual Studio Solution File, Format Version 12.00
# Visual Studio 15
VisualStudioVersion = 15.0.28307.960
MinimumVisualStudioVersion = 10.0.40219.1
Project("{FAE04EC0-301F-11D3-BF4B-00C04F79EFBC}") = "Entidades", "Entidades\Entidades.csproj", "{703FF8BD-65E8-4210-8EEA-97888ACC1083}"
EndProject
Project("{FAE04EC0-301F-11D3-BF4B-00C04F79EFBC}") = "Ejercicio048", "Ejercicio048\Ejercicio048.csproj", "{B584F014-014E-4E22-96F0-AAE5DA40EF99}"
EndProject
Global
	GlobalSection(SolutionConfigurationPlatforms) = preSolution
		Debug|Any CPU = Debug|Any CPU
		Release|Any CPU = Release|Any CPU
	EndGlobalSection
	GlobalSection(ProjectConfigurationPlatforms) = postSolution
		{703FF8BD-65E8-4210-8EEA-97888ACC1083}.Debug|Any CPU.ActiveCfg = Debug|Any CPU
		{703FF8BD-65E8-4210-8EEA-97888ACC1083}.Debug|Any CPU.Build.0 = Debug|Any CPU
		{703FF8BD-65E8-4210-8EEA-97888ACC1083}.Release|Any CPU.ActiveCfg = Release|Any CPU
		{703FF8BD-65E8-4210-8EEA-97888ACC1083}.Release|Any CPU.Build.0 = Release|Any CPU
		{B584F014-014E-4E22-96F0-AAE5DA40EF99}.Debug|Any CPU.ActiveCfg = Debug|Any CPU
		{B584F014-014E-4E22-96F0-AAE5DA40EF99}.Debug|Any CPU.Build.0 = Debug|Any CPU
		{B584F014-014E-4E22-96F0-AAE5DA40EF99}.Release|Any CPU.ActiveCfg = Release|Any CPU
		{B584F014-014E-4E22-96F0-AAE5DA40EF99}.Release|Any CPU.Build.0 = Release|Any CPU
	EndGlobalSection
	GlobalSection(SolutionProperties) = preSolution
		HideSolutionNode = FALSE
	EndGlobalSection
	GlobalSection(ExtensibilityGlobals) = postSolution
		SolutionGuid = {79592AF8-6AF7-42C6-8854-49E4D5E90CBF}
	EndGlobalSection
EndGlobal
