
Microsoft Visual Studio Solution File, Format Version 12.00
# Visual Studio 15
VisualStudioVersion = 15.0.28307.960
MinimumVisualStudioVersion = 10.0.40219.1
Project("{FAE04EC0-301F-11D3-BF4B-00C04F79EFBC}") = "Ejercicio029", "Ejercicio029\Ejercicio029.csproj", "{41C4E0C8-963D-4C5B-AD89-94E5A2F6350E}"
EndProject
Project("{FAE04EC0-301F-11D3-BF4B-00C04F79EFBC}") = "Biblioteca", "Biblioteca\Biblioteca.csproj", "{775E6FF6-CA1B-4781-94AF-4D3B29EC8A2E}"
EndProject
Global
	GlobalSection(SolutionConfigurationPlatforms) = preSolution
		Debug|Any CPU = Debug|Any CPU
		Release|Any CPU = Release|Any CPU
	EndGlobalSection
	GlobalSection(ProjectConfigurationPlatforms) = postSolution
		{41C4E0C8-963D-4C5B-AD89-94E5A2F6350E}.Debug|Any CPU.ActiveCfg = Debug|Any CPU
		{41C4E0C8-963D-4C5B-AD89-94E5A2F6350E}.Debug|Any CPU.Build.0 = Debug|Any CPU
		{41C4E0C8-963D-4C5B-AD89-94E5A2F6350E}.Release|Any CPU.ActiveCfg = Release|Any CPU
		{41C4E0C8-963D-4C5B-AD89-94E5A2F6350E}.Release|Any CPU.Build.0 = Release|Any CPU
		{775E6FF6-CA1B-4781-94AF-4D3B29EC8A2E}.Debug|Any CPU.ActiveCfg = Debug|Any CPU
		{775E6FF6-CA1B-4781-94AF-4D3B29EC8A2E}.Debug|Any CPU.Build.0 = Debug|Any CPU
		{775E6FF6-CA1B-4781-94AF-4D3B29EC8A2E}.Release|Any CPU.ActiveCfg = Release|Any CPU
		{775E6FF6-CA1B-4781-94AF-4D3B29EC8A2E}.Release|Any CPU.Build.0 = Release|Any CPU
	EndGlobalSection
	GlobalSection(SolutionProperties) = preSolution
		HideSolutionNode = FALSE
	EndGlobalSection
	GlobalSection(ExtensibilityGlobals) = postSolution
		SolutionGuid = {33E8A6CD-2B37-42AA-AC96-FA7F5B730F4D}
	EndGlobalSection
EndGlobal
