
Microsoft Visual Studio Solution File, Format Version 12.00
# Visual Studio 15
VisualStudioVersion = 15.0.28307.960
MinimumVisualStudioVersion = 10.0.40219.1
Project("{FAE04EC0-301F-11D3-BF4B-00C04F79EFBC}") = "Ejercicio035", "Ejercicio035\Ejercicio035.csproj", "{73A0AEE3-D8A1-48BD-AE72-B3BA8A935328}"
EndProject
Project("{FAE04EC0-301F-11D3-BF4B-00C04F79EFBC}") = "Entidades", "Entidades\Entidades.csproj", "{BD2D033E-ABB4-4191-ACA2-D4B8A373F2AD}"
EndProject
Global
	GlobalSection(SolutionConfigurationPlatforms) = preSolution
		Debug|Any CPU = Debug|Any CPU
		Release|Any CPU = Release|Any CPU
	EndGlobalSection
	GlobalSection(ProjectConfigurationPlatforms) = postSolution
		{73A0AEE3-D8A1-48BD-AE72-B3BA8A935328}.Debug|Any CPU.ActiveCfg = Debug|Any CPU
		{73A0AEE3-D8A1-48BD-AE72-B3BA8A935328}.Debug|Any CPU.Build.0 = Debug|Any CPU
		{73A0AEE3-D8A1-48BD-AE72-B3BA8A935328}.Release|Any CPU.ActiveCfg = Release|Any CPU
		{73A0AEE3-D8A1-48BD-AE72-B3BA8A935328}.Release|Any CPU.Build.0 = Release|Any CPU
		{BD2D033E-ABB4-4191-ACA2-D4B8A373F2AD}.Debug|Any CPU.ActiveCfg = Debug|Any CPU
		{BD2D033E-ABB4-4191-ACA2-D4B8A373F2AD}.Debug|Any CPU.Build.0 = Debug|Any CPU
		{BD2D033E-ABB4-4191-ACA2-D4B8A373F2AD}.Release|Any CPU.ActiveCfg = Release|Any CPU
		{BD2D033E-ABB4-4191-ACA2-D4B8A373F2AD}.Release|Any CPU.Build.0 = Release|Any CPU
	EndGlobalSection
	GlobalSection(SolutionProperties) = preSolution
		HideSolutionNode = FALSE
	EndGlobalSection
	GlobalSection(ExtensibilityGlobals) = postSolution
		SolutionGuid = {33AD2B5F-317E-4E97-AF93-BCA4BE96C1CE}
	EndGlobalSection
EndGlobal
