
Microsoft Visual Studio Solution File, Format Version 12.00
# Visual Studio 15
VisualStudioVersion = 15.0.28307.960
MinimumVisualStudioVersion = 10.0.40219.1
Project("{FAE04EC0-301F-11D3-BF4B-00C04F79EFBC}") = "ConsoleApp1", "ConsoleApp1\ConsoleApp1.csproj", "{0D26843C-58F5-4930-93D3-6CC410B5712E}"
EndProject
Project("{FAE04EC0-301F-11D3-BF4B-00C04F79EFBC}") = "Biblioteca", "Biblioteca\Biblioteca.csproj", "{B8CD870E-D4C1-467F-B9E4-027C0E57D96E}"
EndProject
Global
	GlobalSection(SolutionConfigurationPlatforms) = preSolution
		Debug|Any CPU = Debug|Any CPU
		Release|Any CPU = Release|Any CPU
	EndGlobalSection
	GlobalSection(ProjectConfigurationPlatforms) = postSolution
		{0D26843C-58F5-4930-93D3-6CC410B5712E}.Debug|Any CPU.ActiveCfg = Debug|Any CPU
		{0D26843C-58F5-4930-93D3-6CC410B5712E}.Debug|Any CPU.Build.0 = Debug|Any CPU
		{0D26843C-58F5-4930-93D3-6CC410B5712E}.Release|Any CPU.ActiveCfg = Release|Any CPU
		{0D26843C-58F5-4930-93D3-6CC410B5712E}.Release|Any CPU.Build.0 = Release|Any CPU
		{B8CD870E-D4C1-467F-B9E4-027C0E57D96E}.Debug|Any CPU.ActiveCfg = Debug|Any CPU
		{B8CD870E-D4C1-467F-B9E4-027C0E57D96E}.Debug|Any CPU.Build.0 = Debug|Any CPU
		{B8CD870E-D4C1-467F-B9E4-027C0E57D96E}.Release|Any CPU.ActiveCfg = Release|Any CPU
		{B8CD870E-D4C1-467F-B9E4-027C0E57D96E}.Release|Any CPU.Build.0 = Release|Any CPU
	EndGlobalSection
	GlobalSection(SolutionProperties) = preSolution
		HideSolutionNode = FALSE
	EndGlobalSection
	GlobalSection(ExtensibilityGlobals) = postSolution
		SolutionGuid = {26D8B97C-D0F5-4D8D-89D7-02EE1FCBC69E}
	EndGlobalSection
EndGlobal
